
Microsoft Visual Studio Solution File, Format Version 12.00
# Visual Studio Version 17
VisualStudioVersion = 17.2.32616.157
MinimumVisualStudioVersion = 10.0.40219.1
Project("{FAE04EC0-301F-11D3-BF4B-00C04F79EFBC}") = "ConsoleApp1", "ConsoleApp1\ConsoleApp1.csproj", "{B167541E-9AF9-46BC-9E7A-4EC03BA90CEB}"
EndProject
Global
	GlobalSection(SolutionConfigurationPlatforms) = preSolution
		Debug|Any CPU = Debug|Any CPU
		Release|Any CPU = Release|Any CPU
	EndGlobalSection
	GlobalSection(ProjectConfigurationPlatforms) = postSolution
		{B167541E-9AF9-46BC-9E7A-4EC03BA90CEB}.Debug|Any CPU.ActiveCfg = Debug|Any CPU
		{B167541E-9AF9-46BC-9E7A-4EC03BA90CEB}.Debug|Any CPU.Build.0 = Debug|Any CPU
		{B167541E-9AF9-46BC-9E7A-4EC03BA90CEB}.Release|Any CPU.ActiveCfg = Release|Any CPU
		{B167541E-9AF9-46BC-9E7A-4EC03BA90CEB}.Release|Any CPU.Build.0 = Release|Any CPU
	EndGlobalSection
	GlobalSection(SolutionProperties) = preSolution
		HideSolutionNode = FALSE
	EndGlobalSection
	GlobalSection(ExtensibilityGlobals) = postSolution
		SolutionGuid = {CB8C05C3-C7FF-415C-A8F0-5A40D2CD43E3}
	EndGlobalSection
EndGlobal
